
Microsoft Visual Studio Solution File, Format Version 12.00
# Visual Studio 14
VisualStudioVersion = 14.0.23107.0
MinimumVisualStudioVersion = 10.0.40219.1
Project("{FAE04EC0-301F-11D3-BF4B-00C04F79EFBC}") = "DevTool", "DevTool\DevTool.csproj", "{44F4EA55-8B2A-4588-B994-40842563DEF4}"
EndProject
Project("{FAE04EC0-301F-11D3-BF4B-00C04F79EFBC}") = "Synvata.ORM", "Synvata.ORM\Synvata.ORM.csproj", "{4C6A02E9-1D1E-4A6F-8506-30C2C600BB0A}"
EndProject
Project("{FAE04EC0-301F-11D3-BF4B-00C04F79EFBC}") = "DevTool.Business", "DevTool.Business\DevTool.Business.csproj", "{AFCE8CFF-EA26-4E17-A91D-828EA7AD0AE7}"
EndProject
Project("{8BB2217D-0F2D-49D1-97BC-3654ED321F3B}") = "Mvc6Go", "Mvc6Go\Mvc6Go.xproj", "{D485E0E0-A480-4FE8-88EB-8A712D5307DB}"
EndProject
Project("{2150E333-8FDC-42A3-9474-1A3956D46DE8}") = "Solution Items", "Solution Items", "{3BAF4B36-B007-44B0-952B-FEF28D01FEE1}"
	ProjectSection(SolutionItems) = preProject
		Mvc6Go\global.json = Mvc6Go\global.json
	EndProjectSection
EndProject
Global
	GlobalSection(SolutionConfigurationPlatforms) = preSolution
		Debug|Any CPU = Debug|Any CPU
		Release|Any CPU = Release|Any CPU
	EndGlobalSection
	GlobalSection(ProjectConfigurationPlatforms) = postSolution
		{44F4EA55-8B2A-4588-B994-40842563DEF4}.Debug|Any CPU.ActiveCfg = Debug|Any CPU
		{44F4EA55-8B2A-4588-B994-40842563DEF4}.Debug|Any CPU.Build.0 = Debug|Any CPU
		{44F4EA55-8B2A-4588-B994-40842563DEF4}.Release|Any CPU.ActiveCfg = Release|Any CPU
		{44F4EA55-8B2A-4588-B994-40842563DEF4}.Release|Any CPU.Build.0 = Release|Any CPU
		{4C6A02E9-1D1E-4A6F-8506-30C2C600BB0A}.Debug|Any CPU.ActiveCfg = Debug|Any CPU
		{4C6A02E9-1D1E-4A6F-8506-30C2C600BB0A}.Debug|Any CPU.Build.0 = Debug|Any CPU
		{4C6A02E9-1D1E-4A6F-8506-30C2C600BB0A}.Release|Any CPU.ActiveCfg = Release|Any CPU
		{4C6A02E9-1D1E-4A6F-8506-30C2C600BB0A}.Release|Any CPU.Build.0 = Release|Any CPU
		{AFCE8CFF-EA26-4E17-A91D-828EA7AD0AE7}.Debug|Any CPU.ActiveCfg = Debug|Any CPU
		{AFCE8CFF-EA26-4E17-A91D-828EA7AD0AE7}.Debug|Any CPU.Build.0 = Debug|Any CPU
		{AFCE8CFF-EA26-4E17-A91D-828EA7AD0AE7}.Release|Any CPU.ActiveCfg = Release|Any CPU
		{AFCE8CFF-EA26-4E17-A91D-828EA7AD0AE7}.Release|Any CPU.Build.0 = Release|Any CPU
		{D485E0E0-A480-4FE8-88EB-8A712D5307DB}.Debug|Any CPU.ActiveCfg = Debug|Any CPU
		{D485E0E0-A480-4FE8-88EB-8A712D5307DB}.Debug|Any CPU.Build.0 = Debug|Any CPU
		{D485E0E0-A480-4FE8-88EB-8A712D5307DB}.Release|Any CPU.ActiveCfg = Release|Any CPU
		{D485E0E0-A480-4FE8-88EB-8A712D5307DB}.Release|Any CPU.Build.0 = Release|Any CPU
	EndGlobalSection
	GlobalSection(SolutionProperties) = preSolution
		HideSolutionNode = FALSE
	EndGlobalSection
EndGlobal
